
Microsoft Visual Studio Solution File, Format Version 12.00
# Visual Studio Version 16
VisualStudioVersion = 16.0.30717.126
MinimumVisualStudioVersion = 10.0.40219.1
Project("{FAE04EC0-301F-11D3-BF4B-00C04F79EFBC}") = "MessagesService", "MessagesService.csproj", "{76210345-304D-4E37-875E-47B21F3435B0}"
EndProject
Project("{FAE04EC0-301F-11D3-BF4B-00C04F79EFBC}") = "MessagesServiceTests", "..\MessagesServiceTests\MessagesServiceTests.csproj", "{3DE282B8-4491-4990-B892-51E19ECE1ED6}"
EndProject
Global
	GlobalSection(SolutionConfigurationPlatforms) = preSolution
		Debug|Any CPU = Debug|Any CPU
		Release|Any CPU = Release|Any CPU
	EndGlobalSection
	GlobalSection(ProjectConfigurationPlatforms) = postSolution
		{76210345-304D-4E37-875E-47B21F3435B0}.Debug|Any CPU.ActiveCfg = Debug|Any CPU
		{76210345-304D-4E37-875E-47B21F3435B0}.Debug|Any CPU.Build.0 = Debug|Any CPU
		{76210345-304D-4E37-875E-47B21F3435B0}.Release|Any CPU.ActiveCfg = Release|Any CPU
		{76210345-304D-4E37-875E-47B21F3435B0}.Release|Any CPU.Build.0 = Release|Any CPU
		{3DE282B8-4491-4990-B892-51E19ECE1ED6}.Debug|Any CPU.ActiveCfg = Debug|Any CPU
		{3DE282B8-4491-4990-B892-51E19ECE1ED6}.Debug|Any CPU.Build.0 = Debug|Any CPU
		{3DE282B8-4491-4990-B892-51E19ECE1ED6}.Release|Any CPU.ActiveCfg = Release|Any CPU
		{3DE282B8-4491-4990-B892-51E19ECE1ED6}.Release|Any CPU.Build.0 = Release|Any CPU
	EndGlobalSection
	GlobalSection(SolutionProperties) = preSolution
		HideSolutionNode = FALSE
	EndGlobalSection
	GlobalSection(ExtensibilityGlobals) = postSolution
		SolutionGuid = {2D87192A-DAE0-4628-B520-70EDB7E7FBEC}
	EndGlobalSection
EndGlobal
